
Microsoft Visual Studio Solution File, Format Version 12.00
# Visual Studio Version 16
VisualStudioVersion = 16.0.29728.190
MinimumVisualStudioVersion = 10.0.40219.1
Project("{FAE04EC0-301F-11D3-BF4B-00C04F79EFBC}") = "Dice.Android", "Dice\Dice.Android\Dice.Android.csproj", "{9DA48143-C6F3-4D56-9E63-2C9A0B6C0156}"
EndProject
Project("{9A19103F-16F7-4668-BE54-9A1E7A4F7556}") = "Dice", "Dice\Dice\Dice.csproj", "{112D9D93-3CC9-46D4-B3F1-F92FB924A2BC}"
EndProject
Project("{FAE04EC0-301F-11D3-BF4B-00C04F79EFBC}") = "ConvertersDemo.Android", "ConvertersDemo\ConvertersDemo.Android\ConvertersDemo.Android.csproj", "{617AEE1C-997A-464F-816F-A598C09F2AA5}"
EndProject
Project("{9A19103F-16F7-4668-BE54-9A1E7A4F7556}") = "ConvertersDemo", "ConvertersDemo\ConvertersDemo\ConvertersDemo.csproj", "{FEA11810-67C8-41D3-B886-46478383415D}"
EndProject
Project("{FAE04EC0-301F-11D3-BF4B-00C04F79EFBC}") = "DBLite.Android", "DBLite\DBLite.Android\DBLite.Android.csproj", "{7934C1B1-F142-448F-A43C-88AF9FA78559}"
EndProject
Project("{FAE04EC0-301F-11D3-BF4B-00C04F79EFBC}") = "DBLite.iOS", "DBLite\DBLite.iOS\DBLite.iOS.csproj", "{224DF221-B734-4DB2-97ED-B9960D267487}"
EndProject
Project("{FAE04EC0-301F-11D3-BF4B-00C04F79EFBC}") = "DBLite", "DBLite\DBLite\DBLite.csproj", "{38E8D671-91B1-40DC-B746-D279C7C2E3D6}"
EndProject
Global
	GlobalSection(SolutionConfigurationPlatforms) = preSolution
		Debug|Any CPU = Debug|Any CPU
		Debug|iPhone = Debug|iPhone
		Debug|iPhoneSimulator = Debug|iPhoneSimulator
		Release|Any CPU = Release|Any CPU
		Release|iPhone = Release|iPhone
		Release|iPhoneSimulator = Release|iPhoneSimulator
	EndGlobalSection
	GlobalSection(ProjectConfigurationPlatforms) = postSolution
		{9DA48143-C6F3-4D56-9E63-2C9A0B6C0156}.Debug|Any CPU.ActiveCfg = Debug|Any CPU
		{9DA48143-C6F3-4D56-9E63-2C9A0B6C0156}.Debug|Any CPU.Build.0 = Debug|Any CPU
		{9DA48143-C6F3-4D56-9E63-2C9A0B6C0156}.Debug|Any CPU.Deploy.0 = Debug|Any CPU
		{9DA48143-C6F3-4D56-9E63-2C9A0B6C0156}.Debug|iPhone.ActiveCfg = Debug|Any CPU
		{9DA48143-C6F3-4D56-9E63-2C9A0B6C0156}.Debug|iPhone.Build.0 = Debug|Any CPU
		{9DA48143-C6F3-4D56-9E63-2C9A0B6C0156}.Debug|iPhone.Deploy.0 = Debug|Any CPU
		{9DA48143-C6F3-4D56-9E63-2C9A0B6C0156}.Debug|iPhoneSimulator.ActiveCfg = Debug|Any CPU
		{9DA48143-C6F3-4D56-9E63-2C9A0B6C0156}.Debug|iPhoneSimulator.Build.0 = Debug|Any CPU
		{9DA48143-C6F3-4D56-9E63-2C9A0B6C0156}.Debug|iPhoneSimulator.Deploy.0 = Debug|Any CPU
		{9DA48143-C6F3-4D56-9E63-2C9A0B6C0156}.Release|Any CPU.ActiveCfg = Release|Any CPU
		{9DA48143-C6F3-4D56-9E63-2C9A0B6C0156}.Release|Any CPU.Build.0 = Release|Any CPU
		{9DA48143-C6F3-4D56-9E63-2C9A0B6C0156}.Release|Any CPU.Deploy.0 = Release|Any CPU
		{9DA48143-C6F3-4D56-9E63-2C9A0B6C0156}.Release|iPhone.ActiveCfg = Release|Any CPU
		{9DA48143-C6F3-4D56-9E63-2C9A0B6C0156}.Release|iPhone.Build.0 = Release|Any CPU
		{9DA48143-C6F3-4D56-9E63-2C9A0B6C0156}.Release|iPhone.Deploy.0 = Release|Any CPU
		{9DA48143-C6F3-4D56-9E63-2C9A0B6C0156}.Release|iPhoneSimulator.ActiveCfg = Release|Any CPU
		{9DA48143-C6F3-4D56-9E63-2C9A0B6C0156}.Release|iPhoneSimulator.Build.0 = Release|Any CPU
		{9DA48143-C6F3-4D56-9E63-2C9A0B6C0156}.Release|iPhoneSimulator.Deploy.0 = Release|Any CPU
		{112D9D93-3CC9-46D4-B3F1-F92FB924A2BC}.Debug|Any CPU.ActiveCfg = Debug|Any CPU
		{112D9D93-3CC9-46D4-B3F1-F92FB924A2BC}.Debug|Any CPU.Build.0 = Debug|Any CPU
		{112D9D93-3CC9-46D4-B3F1-F92FB924A2BC}.Debug|Any CPU.Deploy.0 = Debug|Any CPU
		{112D9D93-3CC9-46D4-B3F1-F92FB924A2BC}.Debug|iPhone.ActiveCfg = Debug|Any CPU
		{112D9D93-3CC9-46D4-B3F1-F92FB924A2BC}.Debug|iPhone.Build.0 = Debug|Any CPU
		{112D9D93-3CC9-46D4-B3F1-F92FB924A2BC}.Debug|iPhoneSimulator.ActiveCfg = Debug|Any CPU
		{112D9D93-3CC9-46D4-B3F1-F92FB924A2BC}.Debug|iPhoneSimulator.Build.0 = Debug|Any CPU
		{112D9D93-3CC9-46D4-B3F1-F92FB924A2BC}.Release|Any CPU.ActiveCfg = Release|Any CPU
		{112D9D93-3CC9-46D4-B3F1-F92FB924A2BC}.Release|Any CPU.Build.0 = Release|Any CPU
		{112D9D93-3CC9-46D4-B3F1-F92FB924A2BC}.Release|Any CPU.Deploy.0 = Release|Any CPU
		{112D9D93-3CC9-46D4-B3F1-F92FB924A2BC}.Release|iPhone.ActiveCfg = Release|Any CPU
		{112D9D93-3CC9-46D4-B3F1-F92FB924A2BC}.Release|iPhone.Build.0 = Release|Any CPU
		{112D9D93-3CC9-46D4-B3F1-F92FB924A2BC}.Release|iPhoneSimulator.ActiveCfg = Release|Any CPU
		{112D9D93-3CC9-46D4-B3F1-F92FB924A2BC}.Release|iPhoneSimulator.Build.0 = Release|Any CPU
		{617AEE1C-997A-464F-816F-A598C09F2AA5}.Debug|Any CPU.ActiveCfg = Debug|Any CPU
		{617AEE1C-997A-464F-816F-A598C09F2AA5}.Debug|Any CPU.Build.0 = Debug|Any CPU
		{617AEE1C-997A-464F-816F-A598C09F2AA5}.Debug|Any CPU.Deploy.0 = Debug|Any CPU
		{617AEE1C-997A-464F-816F-A598C09F2AA5}.Debug|iPhone.ActiveCfg = Debug|Any CPU
		{617AEE1C-997A-464F-816F-A598C09F2AA5}.Debug|iPhone.Build.0 = Debug|Any CPU
		{617AEE1C-997A-464F-816F-A598C09F2AA5}.Debug|iPhone.Deploy.0 = Debug|Any CPU
		{617AEE1C-997A-464F-816F-A598C09F2AA5}.Debug|iPhoneSimulator.ActiveCfg = Debug|Any CPU
		{617AEE1C-997A-464F-816F-A598C09F2AA5}.Debug|iPhoneSimulator.Build.0 = Debug|Any CPU
		{617AEE1C-997A-464F-816F-A598C09F2AA5}.Debug|iPhoneSimulator.Deploy.0 = Debug|Any CPU
		{617AEE1C-997A-464F-816F-A598C09F2AA5}.Release|Any CPU.ActiveCfg = Release|Any CPU
		{617AEE1C-997A-464F-816F-A598C09F2AA5}.Release|Any CPU.Build.0 = Release|Any CPU
		{617AEE1C-997A-464F-816F-A598C09F2AA5}.Release|Any CPU.Deploy.0 = Release|Any CPU
		{617AEE1C-997A-464F-816F-A598C09F2AA5}.Release|iPhone.ActiveCfg = Release|Any CPU
		{617AEE1C-997A-464F-816F-A598C09F2AA5}.Release|iPhone.Build.0 = Release|Any CPU
		{617AEE1C-997A-464F-816F-A598C09F2AA5}.Release|iPhone.Deploy.0 = Release|Any CPU
		{617AEE1C-997A-464F-816F-A598C09F2AA5}.Release|iPhoneSimulator.ActiveCfg = Release|Any CPU
		{617AEE1C-997A-464F-816F-A598C09F2AA5}.Release|iPhoneSimulator.Build.0 = Release|Any CPU
		{617AEE1C-997A-464F-816F-A598C09F2AA5}.Release|iPhoneSimulator.Deploy.0 = Release|Any CPU
		{FEA11810-67C8-41D3-B886-46478383415D}.Debug|Any CPU.ActiveCfg = Debug|Any CPU
		{FEA11810-67C8-41D3-B886-46478383415D}.Debug|Any CPU.Build.0 = Debug|Any CPU
		{FEA11810-67C8-41D3-B886-46478383415D}.Debug|iPhone.ActiveCfg = Debug|Any CPU
		{FEA11810-67C8-41D3-B886-46478383415D}.Debug|iPhone.Build.0 = Debug|Any CPU
		{FEA11810-67C8-41D3-B886-46478383415D}.Debug|iPhoneSimulator.ActiveCfg = Debug|Any CPU
		{FEA11810-67C8-41D3-B886-46478383415D}.Debug|iPhoneSimulator.Build.0 = Debug|Any CPU
		{FEA11810-67C8-41D3-B886-46478383415D}.Release|Any CPU.ActiveCfg = Release|Any CPU
		{FEA11810-67C8-41D3-B886-46478383415D}.Release|Any CPU.Build.0 = Release|Any CPU
		{FEA11810-67C8-41D3-B886-46478383415D}.Release|iPhone.ActiveCfg = Release|Any CPU
		{FEA11810-67C8-41D3-B886-46478383415D}.Release|iPhone.Build.0 = Release|Any CPU
		{FEA11810-67C8-41D3-B886-46478383415D}.Release|iPhoneSimulator.ActiveCfg = Release|Any CPU
		{FEA11810-67C8-41D3-B886-46478383415D}.Release|iPhoneSimulator.Build.0 = Release|Any CPU
		{7934C1B1-F142-448F-A43C-88AF9FA78559}.Debug|Any CPU.ActiveCfg = Debug|Any CPU
		{7934C1B1-F142-448F-A43C-88AF9FA78559}.Debug|Any CPU.Build.0 = Debug|Any CPU
		{7934C1B1-F142-448F-A43C-88AF9FA78559}.Debug|Any CPU.Deploy.0 = Debug|Any CPU
		{7934C1B1-F142-448F-A43C-88AF9FA78559}.Debug|iPhone.ActiveCfg = Debug|Any CPU
		{7934C1B1-F142-448F-A43C-88AF9FA78559}.Debug|iPhone.Build.0 = Debug|Any CPU
		{7934C1B1-F142-448F-A43C-88AF9FA78559}.Debug|iPhone.Deploy.0 = Debug|Any CPU
		{7934C1B1-F142-448F-A43C-88AF9FA78559}.Debug|iPhoneSimulator.ActiveCfg = Debug|Any CPU
		{7934C1B1-F142-448F-A43C-88AF9FA78559}.Debug|iPhoneSimulator.Build.0 = Debug|Any CPU
		{7934C1B1-F142-448F-A43C-88AF9FA78559}.Debug|iPhoneSimulator.Deploy.0 = Debug|Any CPU
		{7934C1B1-F142-448F-A43C-88AF9FA78559}.Release|Any CPU.ActiveCfg = Release|Any CPU
		{7934C1B1-F142-448F-A43C-88AF9FA78559}.Release|Any CPU.Build.0 = Release|Any CPU
		{7934C1B1-F142-448F-A43C-88AF9FA78559}.Release|Any CPU.Deploy.0 = Release|Any CPU
		{7934C1B1-F142-448F-A43C-88AF9FA78559}.Release|iPhone.ActiveCfg = Release|Any CPU
		{7934C1B1-F142-448F-A43C-88AF9FA78559}.Release|iPhone.Build.0 = Release|Any CPU
		{7934C1B1-F142-448F-A43C-88AF9FA78559}.Release|iPhone.Deploy.0 = Release|Any CPU
		{7934C1B1-F142-448F-A43C-88AF9FA78559}.Release|iPhoneSimulator.ActiveCfg = Release|Any CPU
		{7934C1B1-F142-448F-A43C-88AF9FA78559}.Release|iPhoneSimulator.Build.0 = Release|Any CPU
		{7934C1B1-F142-448F-A43C-88AF9FA78559}.Release|iPhoneSimulator.Deploy.0 = Release|Any CPU
		{224DF221-B734-4DB2-97ED-B9960D267487}.Debug|Any CPU.ActiveCfg = Debug|iPhone
		{224DF221-B734-4DB2-97ED-B9960D267487}.Debug|iPhone.ActiveCfg = Debug|iPhone
		{224DF221-B734-4DB2-97ED-B9960D267487}.Debug|iPhone.Build.0 = Debug|iPhone
		{224DF221-B734-4DB2-97ED-B9960D267487}.Debug|iPhoneSimulator.ActiveCfg = Debug|iPhoneSimulator
		{224DF221-B734-4DB2-97ED-B9960D267487}.Debug|iPhoneSimulator.Build.0 = Debug|iPhoneSimulator
		{224DF221-B734-4DB2-97ED-B9960D267487}.Release|Any CPU.ActiveCfg = Release|iPhone
		{224DF221-B734-4DB2-97ED-B9960D267487}.Release|iPhone.ActiveCfg = Release|iPhone
		{224DF221-B734-4DB2-97ED-B9960D267487}.Release|iPhone.Build.0 = Release|iPhone
		{224DF221-B734-4DB2-97ED-B9960D267487}.Release|iPhoneSimulator.ActiveCfg = Release|iPhoneSimulator
		{224DF221-B734-4DB2-97ED-B9960D267487}.Release|iPhoneSimulator.Build.0 = Release|iPhoneSimulator
		{38E8D671-91B1-40DC-B746-D279C7C2E3D6}.Debug|Any CPU.ActiveCfg = Debug|Any CPU
		{38E8D671-91B1-40DC-B746-D279C7C2E3D6}.Debug|Any CPU.Build.0 = Debug|Any CPU
		{38E8D671-91B1-40DC-B746-D279C7C2E3D6}.Debug|iPhone.ActiveCfg = Debug|Any CPU
		{38E8D671-91B1-40DC-B746-D279C7C2E3D6}.Debug|iPhone.Build.0 = Debug|Any CPU
		{38E8D671-91B1-40DC-B746-D279C7C2E3D6}.Debug|iPhoneSimulator.ActiveCfg = Debug|Any CPU
		{38E8D671-91B1-40DC-B746-D279C7C2E3D6}.Debug|iPhoneSimulator.Build.0 = Debug|Any CPU
		{38E8D671-91B1-40DC-B746-D279C7C2E3D6}.Release|Any CPU.ActiveCfg = Release|Any CPU
		{38E8D671-91B1-40DC-B746-D279C7C2E3D6}.Release|Any CPU.Build.0 = Release|Any CPU
		{38E8D671-91B1-40DC-B746-D279C7C2E3D6}.Release|iPhone.ActiveCfg = Release|Any CPU
		{38E8D671-91B1-40DC-B746-D279C7C2E3D6}.Release|iPhone.Build.0 = Release|Any CPU
		{38E8D671-91B1-40DC-B746-D279C7C2E3D6}.Release|iPhoneSimulator.ActiveCfg = Release|Any CPU
		{38E8D671-91B1-40DC-B746-D279C7C2E3D6}.Release|iPhoneSimulator.Build.0 = Release|Any CPU
	EndGlobalSection
	GlobalSection(SolutionProperties) = preSolution
		HideSolutionNode = FALSE
	EndGlobalSection
	GlobalSection(ExtensibilityGlobals) = postSolution
		SolutionGuid = {D5267B96-68F8-47A0-80A4-1FD2FE841FFD}
	EndGlobalSection
EndGlobal
